<?xml version="1.0" encoding="utf-8"?>
<Project ToolsVersion="4.0" xmlns="http://schemas.microsoft.com/developer/msbuild/2003">
  <ItemGroup>
    <Filter Include="Source Files">
      <UniqueIdentifier>{4FC737F1-C7A5-4376-A066-2A32D752A2FF}</UniqueIdentifier>
      <Extensions>cpp;c;cc;cxx;def;odl;idl;hpj;bat;asm;asmx</Extensions>
    </Filter>
    <Filter Include="Header Files">
      <UniqueIdentifier>{93995380-89BD-4b04-88EB-625FBE52EBFB}</UniqueIdentifier>
      <Extensions>h;hh;hpp;hxx;hm;inl;inc;xsd</Extensions>
    </Filter>
    <Filter Include="Resource Files">
      <UniqueIdentifier>{67DA6AB6-F800-4c08-8B7A-83BB121AAD01}</UniqueIdentifier>
      <Extensions>rc;ico;cur;bmp;dlg;rc2;rct;bin;rgs;gif;jpg;jpeg;jpe;resx;tiff;tif;png;wav;mfcribbon-ms</Extensions>
    </Filter>
  </ItemGroup>
  <ItemGroup>
    <ClCompile Include="main.cpp">
      <Filter>Source Files</Filter>
    </ClCompile>
    <ClCompile Include="common\floatimage\floatimage.cpp">
      <Filter>Source Files</Filter>
    </ClCompile>
    <ClCompile Include="common\floatimage\rgbe.cpp">
      <Filter>Source Files</Filter>
    </ClCompile>
    <ClCompile Include="common\util.cpp">
      <Filter>Source Files</Filter>
    </ClCompile>
    <ClCompile Include="math\ray.cpp">
      <Filter>Source Files</Filter>
    </ClCompile>
    <ClCompile Include="math\math.cpp">
      <Filter>Source Files</Filter>
    </ClCompile>
    <ClCompile Include="shapes\trianglemesh.cpp">
      <Filter>Source Files</Filter>
    </ClCompile>
  </ItemGroup>
  <ItemGroup>
    <ClInclude Include="common\floatimage\floatimage.h">
      <Filter>Header Files</Filter>
    </ClInclude>
    <ClInclude Include="common\floatimage\rgbe.h">
      <Filter>Header Files</Filter>
    </ClInclude>
    <ClInclude Include="math\math.h">
      <Filter>Header Files</Filter>
    </ClInclude>
    <ClInclude Include="common\reflectcuts.h">
      <Filter>Header Files</Filter>
    </ClInclude>
    <ClInclude Include="math\aabb.h">
      <Filter>Header Files</Filter>
    </ClInclude>
    <ClInclude Include="common\rng.h">
      <Filter>Header Files</Filter>
    </ClInclude>
    <ClInclude Include="common\stopwatch.h">
      <Filter>Header Files</Filter>
    </ClInclude>
    <ClInclude Include="math\mapping.h">
      <Filter>Header Files</Filter>
    </ClInclude>
    <ClInclude Include="math\color.h">
      <Filter>Header Files</Filter>
    </ClInclude>
    <ClInclude Include="common\util.h">
      <Filter>Header Files</Filter>
    </ClInclude>
    <ClInclude Include="math\ray.h">
      <Filter>Header Files</Filter>
    </ClInclude>
    <ClInclude Include="techniques\manylights\rcaustics\rcausticsrc.h">
      <Filter>Header Files</Filter>
    </ClInclude>
    <ClInclude Include="common\sampler.h">
      <Filter>Header Files</Filter>
    </ClInclude>
    <ClInclude Include="sampler\independent.h">
      <Filter>Header Files</Filter>
    </ClInclude>
    <ClInclude Include="common\realtime.h">
      <Filter>Header Files</Filter>
    </ClInclude>
    <ClInclude Include="opengl\shader.h">
      <Filter>Header Files</Filter>
    </ClInclude>
    <ClInclude Include="opengl\buffer.h">
      <Filter>Header Files</Filter>
    </ClInclude>
    <ClInclude Include="opengl\query.h">
      <Filter>Header Files</Filter>
    </ClInclude>
    <ClInclude Include="gpuaccel\optixaccel.h">
      <Filter>Header Files</Filter>
    </ClInclude>
    <ClInclude Include="realtimetechniques\rtprimeshadow.h">
      <Filter>Header Files</Filter>
    </ClInclude>
    <ClInclude Include="realtimetechniques\rtcommon.h">
      <Filter>Header Files</Filter>
    </ClInclude>
    <ClInclude Include="realtimetechniques\rtpt\rtpt2.h">
      <Filter>Header Files</Filter>
    </ClInclude>
    <ClInclude Include="realtimetechniques\rtlightsource.cuh" />
    <ClInclude Include="realtimetechniques\rtmath.cuh" />
    <ClInclude Include="realtimetechniques\rtmaterial.cuh" />
    <ClInclude Include="realtimetechniques\rtcomphoton\rtcomphoton.h">
      <Filter>Header Files</Filter>
    </ClInclude>
    <ClInclude Include="realtimetechniques\rtcomphoton\rtphotonrecord.h">
      <Filter>Header Files</Filter>
    </ClInclude>
    <ClInclude Include="realtimetechniques\all.cuh" />
    <ClInclude Include="realtimetechniques\rttechnique.h">
      <Filter>Header Files</Filter>
    </ClInclude>
    <ClInclude Include="stb\stb_image.h">
      <Filter>Header Files</Filter>
    </ClInclude>
    <ClInclude Include="stb\stb_image_write.h">
      <Filter>Header Files</Filter>
    </ClInclude>
    <ClInclude Include="realtimetechniques\rtcomphoton\rtlvccomphoton.h">
      <Filter>Header Files</Filter>
    </ClInclude>
    <ClInclude Include="json\json.hpp">
      <Filter>Header Files</Filter>
    </ClInclude>
    <ClInclude Include="shapes\trianglemesh.h">
      <Filter>Header Files</Filter>
    </ClInclude>
    <ClInclude Include="common\shape.h">
      <Filter>Header Files</Filter>
    </ClInclude>
  </ItemGroup>
  <ItemGroup>
    <None Include="shaders\deferred.frag" />
    <None Include="shaders\deferred.vert" />
    <None Include="shaders\final.vert" />
    <None Include="shaders\final.frag" />
    <None Include="shaders\light.frag" />
    <None Include="shaders\light.vert" />
    <None Include="shaders\deferred.geom" />
    <None Include="shaders\photonsplatinstanced.vert" />
    <None Include="shaders\photonsplatinstanced.frag" />
    <None Include="shaders\photonsplatinstanced.geom" />
  </ItemGroup>
  <ItemGroup>
    <CudaCompile Include="realtimetechniques\triangleintersect.cu" />
    <CudaCompile Include="realtimetechniques\pathtracing.cu" />
    <CudaCompile Include="realtimetechniques\lighttracing.cu" />
    <CudaCompile Include="realtimetechniques\lvclighttracing.cu" />
  </ItemGroup>
</Project>